
Microsoft Visual Studio Solution File, Format Version 12.00
# Visual Studio Version 16
VisualStudioVersion = 16.0.30204.135
MinimumVisualStudioVersion = 10.0.40219.1
Project("{9A19103F-16F7-4668-BE54-9A1E7A4F7556}") = "nexaas.heineken.console", "nexaas.heineken.console\nexaas.heineken.console.csproj", "{2982EC75-E0D4-4506-AA4D-A2F770B5D8EE}"
EndProject
Project("{FAE04EC0-301F-11D3-BF4B-00C04F79EFBC}") = "nexaas.heineken.model", "nexaas.heineken.model\nexaas.heineken.model.csproj", "{6589D68E-1012-410A-B302-CDB4EA8F971B}"
EndProject
Global
	GlobalSection(SolutionConfigurationPlatforms) = preSolution
		Debug|Any CPU = Debug|Any CPU
		Release|Any CPU = Release|Any CPU
	EndGlobalSection
	GlobalSection(ProjectConfigurationPlatforms) = postSolution
		{2982EC75-E0D4-4506-AA4D-A2F770B5D8EE}.Debug|Any CPU.ActiveCfg = Debug|Any CPU
		{2982EC75-E0D4-4506-AA4D-A2F770B5D8EE}.Debug|Any CPU.Build.0 = Debug|Any CPU
		{2982EC75-E0D4-4506-AA4D-A2F770B5D8EE}.Release|Any CPU.ActiveCfg = Release|Any CPU
		{2982EC75-E0D4-4506-AA4D-A2F770B5D8EE}.Release|Any CPU.Build.0 = Release|Any CPU
		{6589D68E-1012-410A-B302-CDB4EA8F971B}.Debug|Any CPU.ActiveCfg = Debug|Any CPU
		{6589D68E-1012-410A-B302-CDB4EA8F971B}.Debug|Any CPU.Build.0 = Debug|Any CPU
		{6589D68E-1012-410A-B302-CDB4EA8F971B}.Release|Any CPU.ActiveCfg = Release|Any CPU
		{6589D68E-1012-410A-B302-CDB4EA8F971B}.Release|Any CPU.Build.0 = Release|Any CPU
	EndGlobalSection
	GlobalSection(SolutionProperties) = preSolution
		HideSolutionNode = FALSE
	EndGlobalSection
	GlobalSection(ExtensibilityGlobals) = postSolution
		SolutionGuid = {CFDAE750-7D8E-4DF2-BA46-021CD92B5D82}
	EndGlobalSection
EndGlobal
