
Microsoft Visual Studio Solution File, Format Version 12.00
# Visual Studio Version 16
VisualStudioVersion = 16.0.30204.135
MinimumVisualStudioVersion = 10.0.40219.1
Project("{9A19103F-16F7-4668-BE54-9A1E7A4F7556}") = "nexaas.heineken.model", "nexaas.heineken.model\nexaas.heineken.model.csproj", "{6589D68E-1012-410A-B302-CDB4EA8F971B}"
EndProject
Project("{9A19103F-16F7-4668-BE54-9A1E7A4F7556}") = "nexaas.heineken.form", "nexaas.heineken.form\nexaas.heineken.form.csproj", "{67355400-59BC-40CB-B0D5-246A20D5CCD1}"
EndProject
Project("{9A19103F-16F7-4668-BE54-9A1E7A4F7556}") = "nexaas.heineken.application", "nexaas.heineken.application\nexaas.heineken.application.csproj", "{4CD99B25-DF34-4BB0-B669-406F089FF2A4}"
EndProject
Global
	GlobalSection(SolutionConfigurationPlatforms) = preSolution
		Debug|Any CPU = Debug|Any CPU
		Release|Any CPU = Release|Any CPU
	EndGlobalSection
	GlobalSection(ProjectConfigurationPlatforms) = postSolution
		{6589D68E-1012-410A-B302-CDB4EA8F971B}.Debug|Any CPU.ActiveCfg = Debug|Any CPU
		{6589D68E-1012-410A-B302-CDB4EA8F971B}.Debug|Any CPU.Build.0 = Debug|Any CPU
		{6589D68E-1012-410A-B302-CDB4EA8F971B}.Release|Any CPU.ActiveCfg = Release|Any CPU
		{6589D68E-1012-410A-B302-CDB4EA8F971B}.Release|Any CPU.Build.0 = Release|Any CPU
		{67355400-59BC-40CB-B0D5-246A20D5CCD1}.Debug|Any CPU.ActiveCfg = Debug|Any CPU
		{67355400-59BC-40CB-B0D5-246A20D5CCD1}.Debug|Any CPU.Build.0 = Debug|Any CPU
		{67355400-59BC-40CB-B0D5-246A20D5CCD1}.Release|Any CPU.ActiveCfg = Release|Any CPU
		{67355400-59BC-40CB-B0D5-246A20D5CCD1}.Release|Any CPU.Build.0 = Release|Any CPU
		{4CD99B25-DF34-4BB0-B669-406F089FF2A4}.Debug|Any CPU.ActiveCfg = Debug|Any CPU
		{4CD99B25-DF34-4BB0-B669-406F089FF2A4}.Debug|Any CPU.Build.0 = Debug|Any CPU
		{4CD99B25-DF34-4BB0-B669-406F089FF2A4}.Release|Any CPU.ActiveCfg = Release|Any CPU
		{4CD99B25-DF34-4BB0-B669-406F089FF2A4}.Release|Any CPU.Build.0 = Release|Any CPU
	EndGlobalSection
	GlobalSection(SolutionProperties) = preSolution
		HideSolutionNode = FALSE
	EndGlobalSection
	GlobalSection(ExtensibilityGlobals) = postSolution
		SolutionGuid = {CFDAE750-7D8E-4DF2-BA46-021CD92B5D82}
	EndGlobalSection
EndGlobal
